// !$*UTF8*$!
{
	archiveVersion = 1;
	classes = {
	};
	objectVersion = 51;
	objects = {

/* Begin PBXBuildFile section */
		3AF5CFB03CFBCFB114E00E25 /* Pods_AnimationApp.framework in Frameworks */ = {isa = PBXBuildFile; fileRef = 8A3C8B8ECEEB52DD8DC1FC07 /* Pods_AnimationApp.framework */; };
		888D45B126FA465900BA11E4 /* AppDelegate.swift in Sources */ = {isa = PBXBuildFile; fileRef = 888D45B026FA465900BA11E4 /* AppDelegate.swift */; };
		888D45B326FA465900BA11E4 /* SceneDelegate.swift in Sources */ = {isa = PBXBuildFile; fileRef = 888D45B226FA465900BA11E4 /* SceneDelegate.swift */; };
		888D45B526FA465900BA11E4 /* ViewController.swift in Sources */ = {isa = PBXBuildFile; fileRef = 888D45B426FA465900BA11E4 /* ViewController.swift */; };
		888D45B826FA465900BA11E4 /* Main.storyboard in Resources */ = {isa = PBXBuildFile; fileRef = 888D45B626FA465900BA11E4 /* Main.storyboard */; };
		888D45BA26FA465900BA11E4 /* Assets.xcassets in Resources */ = {isa = PBXBuildFile; fileRef = 888D45B926FA465900BA11E4 /* Assets.xcassets */; };
		888D45BD26FA465900BA11E4 /* LaunchScreen.storyboard in Resources */ = {isa = PBXBuildFile; fileRef = 888D45BB26FA465900BA11E4 /* LaunchScreen.storyboard */; };
		888D45CA26FA58A300BA11E4 /* Animation.swift in Sources */ = {isa = PBXBuildFile; fileRef = 888D45C926FA58A300BA11E4 /* Animation.swift */; };
/* End PBXBuildFile section */

/* Begin PBXFileReference section */
		888D45AD26FA465900BA11E4 /* AnimationApp.app */ = {isa = PBXFileReference; explicitFileType = wrapper.application; includeInIndex = 0; path = AnimationApp.app; sourceTree = BUILT_PRODUCTS_DIR; };
		888D45B026FA465900BA11E4 /* AppDelegate.swift */ = {isa = PBXFileReference; lastKnownFileType = sourcecode.swift; path = AppDelegate.swift; sourceTree = "<group>"; };
		888D45B226FA465900BA11E4 /* SceneDelegate.swift */ = {isa = PBXFileReference; lastKnownFileType = sourcecode.swift; path = SceneDelegate.swift; sourceTree = "<group>"; };
		888D45B426FA465900BA11E4 /* ViewController.swift */ = {isa = PBXFileReference; lastKnownFileType = sourcecode.swift; path = ViewController.swift; sourceTree = "<group>"; };
		888D45B726FA465900BA11E4 /* Base */ = {isa = PBXFileReference; lastKnownFileType = file.storyboard; name = Base; path = Base.lproj/Main.storyboard; sourceTree = "<group>"; };
		888D45B926FA465900BA11E4 /* Assets.xcassets */ = {isa = PBXFileReference; lastKnownFileType = folder.assetcatalog; path = Assets.xcassets; sourceTree = "<group>"; };
		888D45BC26FA465900BA11E4 /* Base */ = {isa = PBXFileReference; lastKnownFileType = file.storyboard; name = Base; path = Base.lproj/LaunchScreen.storyboard; sourceTree = "<group>"; };
		888D45BE26FA465900BA11E4 /* Info.plist */ = {isa = PBXFileReference; lastKnownFileType = text.plist.xml; path = Info.plist; sourceTree = "<group>"; };
		888D45C926FA58A300BA11E4 /* Animation.swift */ = {isa = PBXFileReference; lastKnownFileType = sourcecode.swift; path = Animation.swift; sourceTree = "<group>"; };
		8A3C8B8ECEEB52DD8DC1FC07 /* Pods_AnimationApp.framework */ = {isa = PBXFileReference; explicitFileType = wrapper.framework; includeInIndex = 0; path = Pods_AnimationApp.framework; sourceTree = BUILT_PRODUCTS_DIR; };
		8FDB325FBACF9ECF5C5778A9 /* Pods-AnimationApp.release.xcconfig */ = {isa = PBXFileReference; includeInIndex = 1; lastKnownFileType = text.xcconfig; name = "Pods-AnimationApp.release.xcconfig"; path = "Target Support Files/Pods-AnimationApp/Pods-AnimationApp.release.xcconfig"; sourceTree = "<group>"; };
		9A1984F2819DEA262C472174 /* Pods-AnimationApp.debug.xcconfig */ = {isa = PBXFileReference; includeInIndex = 1; lastKnownFileType = text.xcconfig; name = "Pods-AnimationApp.debug.xcconfig"; path = "Target Support Files/Pods-AnimationApp/Pods-AnimationApp.debug.xcconfig"; sourceTree = "<group>"; };
/* End PBXFileReference section */

/* Begin PBXFrameworksBuildPhase section */
		888D45AA26FA465900BA11E4 /* Frameworks */ = {
			isa = PBXFrameworksBuildPhase;
			buildActionMask = 2147483647;
			files = (
				3AF5CFB03CFBCFB114E00E25 /* Pods_AnimationApp.framework in Frameworks */,
			);
			runOnlyForDeploymentPostprocessing = 0;
		};
/* End PBXFrameworksBuildPhase section */

/* Begin PBXGroup section */
		62BCB652AE09957EEAD0EDF1 /* Pods */ = {
			isa = PBXGroup;
			children = (
				9A1984F2819DEA262C472174 /* Pods-AnimationApp.debug.xcconfig */,
				8FDB325FBACF9ECF5C5778A9 /* Pods-AnimationApp.release.xcconfig */,
			);
			path = Pods;
			sourceTree = "<group>";
		};
		888D45A426FA465900BA11E4 = {
			isa = PBXGroup;
			children = (
				888D45AF26FA465900BA11E4 /* AnimationApp */,
				888D45AE26FA465900BA11E4 /* Products */,
				62BCB652AE09957EEAD0EDF1 /* Pods */,
				ABFBBEE55D52389BA6BE5CE5 /* Frameworks */,
			);
			sourceTree = "<group>";
		};
		888D45AE26FA465900BA11E4 /* Products */ = {
			isa = PBXGroup;
			children = (
				888D45AD26FA465900BA11E4 /* AnimationApp.app */,
			);
			name = Products;
			sourceTree = "<group>";
		};
		888D45AF26FA465900BA11E4 /* AnimationApp */ = {
			isa = PBXGroup;
			children = (
				888D45C426FA47DA00BA11E4 /* Storyboards */,
				888D45C526FA47E700BA11E4 /* ViewControllers */,
				888D45C826FA586F00BA11E4 /* Models */,
				888D45C626FA480400BA11E4 /* App */,
				888D45C726FA480F00BA11E4 /* Resources */,
			);
			path = AnimationApp;
			sourceTree = "<group>";
		};
		888D45C426FA47DA00BA11E4 /* Storyboards */ = {
			isa = PBXGroup;
			children = (
				888D45B626FA465900BA11E4 /* Main.storyboard */,
				888D45BB26FA465900BA11E4 /* LaunchScreen.storyboard */,
			);
			path = Storyboards;
			sourceTree = "<group>";
		};
		888D45C526FA47E700BA11E4 /* ViewControllers */ = {
			isa = PBXGroup;
			children = (
				888D45B426FA465900BA11E4 /* ViewController.swift */,
			);
			path = ViewControllers;
			sourceTree = "<group>";
		};
		888D45C626FA480400BA11E4 /* App */ = {
			isa = PBXGroup;
			children = (
				888D45B026FA465900BA11E4 /* AppDelegate.swift */,
				888D45B226FA465900BA11E4 /* SceneDelegate.swift */,
				888D45BE26FA465900BA11E4 /* Info.plist */,
			);
			path = App;
			sourceTree = "<group>";
		};
		888D45C726FA480F00BA11E4 /* Resources */ = {
			isa = PBXGroup;
			children = (
				888D45B926FA465900BA11E4 /* Assets.xcassets */,
			);
			path = Resources;
			sourceTree = "<group>";
		};
		888D45C826FA586F00BA11E4 /* Models */ = {
			isa = PBXGroup;
			children = (
				888D45C926FA58A300BA11E4 /* Animation.swift */,
			);
			path = Models;
			sourceTree = "<group>";
		};
		ABFBBEE55D52389BA6BE5CE5 /* Frameworks */ = {
			isa = PBXGroup;
			children = (
				8A3C8B8ECEEB52DD8DC1FC07 /* Pods_AnimationApp.framework */,
			);
			name = Frameworks;
			sourceTree = "<group>";
		};
/* End PBXGroup section */

/* Begin PBXNativeTarget section */
		888D45AC26FA465900BA11E4 /* AnimationApp */ = {
			isa = PBXNativeTarget;
			buildConfigurationList = 888D45C126FA465900BA11E4 /* Build configuration list for PBXNativeTarget "AnimationApp" */;
			buildPhases = (
				6547A37E20E9E4BF230C624B /* [CP] Check Pods Manifest.lock */,
				888D45A926FA465900BA11E4 /* Sources */,
				888D45AA26FA465900BA11E4 /* Frameworks */,
				888D45AB26FA465900BA11E4 /* Resources */,
				63B4C0EE0C8D1E2969EA99B1 /* [CP] Embed Pods Frameworks */,
			);
			buildRules = (
			);
			dependencies = (
			);
			name = AnimationApp;
			productName = AnimationApp;
			productReference = 888D45AD26FA465900BA11E4 /* AnimationApp.app */;
			productType = "com.apple.product-type.application";
		};
/* End PBXNativeTarget section */

/* Begin PBXProject section */
		888D45A526FA465900BA11E4 /* Project object */ = {
			isa = PBXProject;
			attributes = {
				LastSwiftUpdateCheck = 1250;
				LastUpgradeCheck = 1250;
				TargetAttributes = {
					888D45AC26FA465900BA11E4 = {
						CreatedOnToolsVersion = 12.5.1;
					};
				};
			};
			buildConfigurationList = 888D45A826FA465900BA11E4 /* Build configuration list for PBXProject "AnimationApp" */;
			compatibilityVersion = "Xcode 9.3";
			developmentRegion = en;
			hasScannedForEncodings = 0;
			knownRegions = (
				en,
				Base,
			);
			mainGroup = 888D45A426FA465900BA11E4;
			productRefGroup = 888D45AE26FA465900BA11E4 /* Products */;
			projectDirPath = "";
			projectRoot = "";
			targets = (
				888D45AC26FA465900BA11E4 /* AnimationApp */,
			);
		};
/* End PBXProject section */

/* Begin PBXResourcesBuildPhase section */
		888D45AB26FA465900BA11E4 /* Resources */ = {
			isa = PBXResourcesBuildPhase;
			buildActionMask = 2147483647;
			files = (
				888D45BD26FA465900BA11E4 /* LaunchScreen.storyboard in Resources */,
				888D45BA26FA465900BA11E4 /* Assets.xcassets in Resources */,
				888D45B826FA465900BA11E4 /* Main.storyboard in Resources */,
			);
			runOnlyForDeploymentPostprocessing = 0;
		};
/* End PBXResourcesBuildPhase section */

/* Begin PBXShellScriptBuildPhase section */
		63B4C0EE0C8D1E2969EA99B1 /* [CP] Embed Pods Frameworks */ = {
			isa = PBXShellScriptBuildPhase;
			buildActionMask = 2147483647;
			files = (
			);
			inputFileListPaths = (
				"${PODS_ROOT}/Target Support Files/Pods-AnimationApp/Pods-AnimationApp-frameworks-${CONFIGURATION}-input-files.xcfilelist",
			);
			name = "[CP] Embed Pods Frameworks";
			outputFileListPaths = (
				"${PODS_ROOT}/Target Support Files/Pods-AnimationApp/Pods-AnimationApp-frameworks-${CONFIGURATION}-output-files.xcfilelist",
			);
			runOnlyForDeploymentPostprocessing = 0;
			shellPath = /bin/sh;
			shellScript = "\"${PODS_ROOT}/Target Support Files/Pods-AnimationApp/Pods-AnimationApp-frameworks.sh\"\n";
			showEnvVarsInLog = 0;
		};
		6547A37E20E9E4BF230C624B /* [CP] Check Pods Manifest.lock */ = {
			isa = PBXShellScriptBuildPhase;
			buildActionMask = 2147483647;
			files = (
			);
			inputFileListPaths = (
			);
			inputPaths = (
				"${PODS_PODFILE_DIR_PATH}/Podfile.lock",
				"${PODS_ROOT}/Manifest.lock",
			);
			name = "[CP] Check Pods Manifest.lock";
			outputFileListPaths = (
			);
			outputPaths = (
				"$(DERIVED_FILE_DIR)/Pods-AnimationApp-checkManifestLockResult.txt",
			);
			runOnlyForDeploymentPostprocessing = 0;
			shellPath = /bin/sh;
			shellScript = "diff \"${PODS_PODFILE_DIR_PATH}/Podfile.lock\" \"${PODS_ROOT}/Manifest.lock\" > /dev/null\nif [ $? != 0 ] ; then\n    # print error to STDERR\n    echo \"error: The sandbox is not in sync with the Podfile.lock. Run 'pod install' or update your CocoaPods installation.\" >&2\n    exit 1\nfi\n# This output is used by Xcode 'outputs' to avoid re-running this script phase.\necho \"SUCCESS\" > \"${SCRIPT_OUTPUT_FILE_0}\"\n";
			showEnvVarsInLog = 0;
		};
/* End PBXShellScriptBuildPhase section */

/* Begin PBXSourcesBuildPhase section */
		888D45A926FA465900BA11E4 /* Sources */ = {
			isa = PBXSourcesBuildPhase;
			buildActionMask = 2147483647;
			files = (
				888D45B526FA465900BA11E4 /* ViewController.swift in Sources */,
				888D45B126FA465900BA11E4 /* AppDelegate.swift in Sources */,
				888D45CA26FA58A300BA11E4 /* Animation.swift in Sources */,
				888D45B326FA465900BA11E4 /* SceneDelegate.swift in Sources */,
			);
			runOnlyForDeploymentPostprocessing = 0;
		};
/* End PBXSourcesBuildPhase section */

/* Begin PBXVariantGroup section */
		888D45B626FA465900BA11E4 /* Main.storyboard */ = {
			isa = PBXVariantGroup;
			children = (
				888D45B726FA465900BA11E4 /* Base */,
			);
			name = Main.storyboard;
			sourceTree = "<group>";
		};
		888D45BB26FA465900BA11E4 /* LaunchScreen.storyboard */ = {
			isa = PBXVariantGroup;
			children = (
				888D45BC26FA465900BA11E4 /* Base */,
			);
			name = LaunchScreen.storyboard;
			sourceTree = "<group>";
		};
/* End PBXVariantGroup section */

/* Begin XCBuildConfiguration section */
		888D45BF26FA465900BA11E4 /* Debug */ = {
			isa = XCBuildConfiguration;
			buildSettings = {
				ALWAYS_SEARCH_USER_PATHS = NO;
				CLANG_ANALYZER_NONNULL = YES;
				CLANG_ANALYZER_NUMBER_OBJECT_CONVERSION = YES_AGGRESSIVE;
				CLANG_CXX_LANGUAGE_STANDARD = "gnu++14";
				CLANG_CXX_LIBRARY = "libc++";
				CLANG_ENABLE_MODULES = YES;
				CLANG_ENABLE_OBJC_ARC = YES;
				CLANG_ENABLE_OBJC_WEAK = YES;
				CLANG_WARN_BLOCK_CAPTURE_AUTORELEASING = YES;
				CLANG_WARN_BOOL_CONVERSION = YES;
				CLANG_WARN_COMMA = YES;
				CLANG_WARN_CONSTANT_CONVERSION = YES;
				CLANG_WARN_DEPRECATED_OBJC_IMPLEMENTATIONS = YES;
				CLANG_WARN_DIRECT_OBJC_ISA_USAGE = YES_ERROR;
				CLANG_WARN_DOCUMENTATION_COMMENTS = YES;
				CLANG_WARN_EMPTY_BODY = YES;
				CLANG_WARN_ENUM_CONVERSION = YES;
				CLANG_WARN_INFINITE_RECURSION = YES;
				CLANG_WARN_INT_CONVERSION = YES;
				CLANG_WARN_NON_LITERAL_NULL_CONVERSION = YES;
				CLANG_WARN_OBJC_IMPLICIT_RETAIN_SELF = YES;
				CLANG_WARN_OBJC_LITERAL_CONVERSION = YES;
				CLANG_WARN_OBJC_ROOT_CLASS = YES_ERROR;
				CLANG_WARN_QUOTED_INCLUDE_IN_FRAMEWORK_HEADER = YES;
				CLANG_WARN_RANGE_LOOP_ANALYSIS = YES;
				CLANG_WARN_STRICT_PROTOTYPES = YES;
				CLANG_WARN_SUSPICIOUS_MOVE = YES;
				CLANG_WARN_UNGUARDED_AVAILABILITY = YES_AGGRESSIVE;
				CLANG_WARN_UNREACHABLE_CODE = YES;
				CLANG_WARN__DUPLICATE_METHOD_MATCH = YES;
				COPY_PHASE_STRIP = NO;
				DEBUG_INFORMATION_FORMAT = dwarf;
				ENABLE_STRICT_OBJC_MSGSEND = YES;
				ENABLE_TESTABILITY = YES;
				GCC_C_LANGUAGE_STANDARD = gnu11;
				GCC_DYNAMIC_NO_PIC = NO;
				GCC_NO_COMMON_BLOCKS = YES;
				GCC_OPTIMIZATION_LEVEL = 0;
				GCC_PREPROCESSOR_DEFINITIONS = (
					"DEBUG=1",
					"$(inherited)",
				);
				GCC_WARN_64_TO_32_BIT_CONVERSION = YES;
				GCC_WARN_ABOUT_RETURN_TYPE = YES_ERROR;
				GCC_WARN_UNDECLARED_SELECTOR = YES;
				GCC_WARN_UNINITIALIZED_AUTOS = YES_AGGRESSIVE;
				GCC_WARN_UNUSED_FUNCTION = YES;
				GCC_WARN_UNUSED_VARIABLE = YES;
				IPHONEOS_DEPLOYMENT_TARGET = 14.5;
				MTL_ENABLE_DEBUG_INFO = INCLUDE_SOURCE;
				MTL_FAST_MATH = YES;
				ONLY_ACTIVE_ARCH = YES;
				SDKROOT = iphoneos;
				SWIFT_ACTIVE_COMPILATION_CONDITIONS = DEBUG;
				SWIFT_OPTIMIZATION_LEVEL = "-Onone";
			};
			name = Debug;
		};
		888D45C026FA465900BA11E4 /* Release */ = {
			isa = XCBuildConfiguration;
			buildSettings = {
				ALWAYS_SEARCH_USER_PATHS = NO;
				CLANG_ANALYZER_NONNULL = YES;
				CLANG_ANALYZER_NUMBER_OBJECT_CONVERSION = YES_AGGRESSIVE;
				CLANG_CXX_LANGUAGE_STANDARD = "gnu++14";
				CLANG_CXX_LIBRARY = "libc++";
				CLANG_ENABLE_MODULES = YES;
				CLANG_ENABLE_OBJC_ARC = YES;
				CLANG_ENABLE_OBJC_WEAK = YES;
				CLANG_WARN_BLOCK_CAPTURE_AUTORELEASING = YES;
				CLANG_WARN_BOOL_CONVERSION = YES;
				CLANG_WARN_COMMA = YES;
				CLANG_WARN_CONSTANT_CONVERSION = YES;
				CLANG_WARN_DEPRECATED_OBJC_IMPLEMENTATIONS = YES;
				CLANG_WARN_DIRECT_OBJC_ISA_USAGE = YES_ERROR;
				CLANG_WARN_DOCUMENTATION_COMMENTS = YES;
				CLANG_WARN_EMPTY_BODY = YES;
				CLANG_WARN_ENUM_CONVERSION = YES;
				CLANG_WARN_INFINITE_RECURSION = YES;
				CLANG_WARN_INT_CONVERSION = YES;
				CLANG_WARN_NON_LITERAL_NULL_CONVERSION = YES;
				CLANG_WARN_OBJC_IMPLICIT_RETAIN_SELF = YES;
				CLANG_WARN_OBJC_LITERAL_CONVERSION = YES;
				CLANG_WARN_OBJC_ROOT_CLASS = YES_ERROR;
				CLANG_WARN_QUOTED_INCLUDE_IN_FRAMEWORK_HEADER = YES;
				CLANG_WARN_RANGE_LOOP_ANALYSIS = YES;
				CLANG_WARN_STRICT_PROTOTYPES = YES;
				CLANG_WARN_SUSPICIOUS_MOVE = YES;
				CLANG_WARN_UNGUARDED_AVAILABILITY = YES_AGGRESSIVE;
				CLANG_WARN_UNREACHABLE_CODE = YES;
				CLANG_WARN__DUPLICATE_METHOD_MATCH = YES;
				COPY_PHASE_STRIP = NO;
				DEBUG_INFORMATION_FORMAT = "dwarf-with-dsym";
				ENABLE_NS_ASSERTIONS = NO;
				ENABLE_STRICT_OBJC_MSGSEND = YES;
				GCC_C_LANGUAGE_STANDARD = gnu11;
				GCC_NO_COMMON_BLOCKS = YES;
				GCC_WARN_64_TO_32_BIT_CONVERSION = YES;
				GCC_WARN_ABOUT_RETURN_TYPE = YES_ERROR;
				GCC_WARN_UNDECLARED_SELECTOR = YES;
				GCC_WARN_UNINITIALIZED_AUTOS = YES_AGGRESSIVE;
				GCC_WARN_UNUSED_FUNCTION = YES;
				GCC_WARN_UNUSED_VARIABLE = YES;
				IPHONEOS_DEPLOYMENT_TARGET = 14.5;
				MTL_ENABLE_DEBUG_INFO = NO;
				MTL_FAST_MATH = YES;
				SDKROOT = iphoneos;
				SWIFT_COMPILATION_MODE = wholemodule;
				SWIFT_OPTIMIZATION_LEVEL = "-O";
				VALIDATE_PRODUCT = YES;
			};
			name = Release;
		};
		888D45C226FA465900BA11E4 /* Debug */ = {
			isa = XCBuildConfiguration;
			baseConfigurationReference = 9A1984F2819DEA262C472174 /* Pods-AnimationApp.debug.xcconfig */;
			buildSettings = {
				ASSETCATALOG_COMPILER_APPICON_NAME = AppIcon;
				ASSETCATALOG_COMPILER_GLOBAL_ACCENT_COLOR_NAME = AccentColor;
				CODE_SIGN_STYLE = Automatic;
				DEVELOPMENT_TEAM = QQ7NB58NL6;
				INFOPLIST_FILE = AnimationApp/App/Info.plist;
				LD_RUNPATH_SEARCH_PATHS = (
					"$(inherited)",
					"@executable_path/Frameworks",
				);
				PRODUCT_BUNDLE_IDENTIFIER = ru.swiftbook.AnimationApp;
				PRODUCT_NAME = "$(TARGET_NAME)";
				SWIFT_VERSION = 5.0;
				TARGETED_DEVICE_FAMILY = 1;
			};
			name = Debug;
		};
		888D45C326FA465900BA11E4 /* Release */ = {
			isa = XCBuildConfiguration;
			baseConfigurationReference = 8FDB325FBACF9ECF5C5778A9 /* Pods-AnimationApp.release.xcconfig */;
			buildSettings = {
				ASSETCATALOG_COMPILER_APPICON_NAME = AppIcon;
				ASSETCATALOG_COMPILER_GLOBAL_ACCENT_COLOR_NAME = AccentColor;
				CODE_SIGN_STYLE = Automatic;
				DEVELOPMENT_TEAM = QQ7NB58NL6;
				INFOPLIST_FILE = AnimationApp/App/Info.plist;
				LD_RUNPATH_SEARCH_PATHS = (
					"$(inherited)",
					"@executable_path/Frameworks",
				);
				PRODUCT_BUNDLE_IDENTIFIER = ru.swiftbook.AnimationApp;
				PRODUCT_NAME = "$(TARGET_NAME)";
				SWIFT_VERSION = 5.0;
				TARGETED_DEVICE_FAMILY = 1;
			};
			name = Release;
		};
/* End XCBuildConfiguration section */

/* Begin XCConfigurationList section */
		888D45A826FA465900BA11E4 /* Build configuration list for PBXProject "AnimationApp" */ = {
			isa = XCConfigurationList;
			buildConfigurations = (
				888D45BF26FA465900BA11E4 /* Debug */,
				888D45C026FA465900BA11E4 /* Release */,
			);
			defaultConfigurationIsVisible = 0;
			defaultConfigurationName = Release;
		};
		888D45C126FA465900BA11E4 /* Build configuration list for PBXNativeTarget "AnimationApp" */ = {
			isa = XCConfigurationList;
			buildConfigurations = (
				888D45C226FA465900BA11E4 /* Debug */,
				888D45C326FA465900BA11E4 /* Release */,
			);
			defaultConfigurationIsVisible = 0;
			defaultConfigurationName = Release;
		};
/* End XCConfigurationList section */
	};
	rootObject = 888D45A526FA465900BA11E4 /* Project object */;
}
